<?xml version="1.0" encoding="utf-8"?>
<Project ToolsVersion="4.0" xmlns="http://schemas.microsoft.com/developer/msbuild/2003">
  <ItemGroup>
    <Filter Include="Source Files">
      <UniqueIdentifier>{4FC737F1-C7A5-4376-A066-2A32D752A2FF}</UniqueIdentifier>
      <Extensions>cpp;c;cc;cxx;def;odl;idl;hpj;bat;asm;asmx</Extensions>
    </Filter>
    <Filter Include="Header Files">
      <UniqueIdentifier>{93995380-89BD-4b04-88EB-625FBE52EBFB}</UniqueIdentifier>
      <Extensions>h;hh;hpp;hxx;hm;inl;inc;xsd</Extensions>
    </Filter>
    <Filter Include="Resource Files">
      <UniqueIdentifier>{67DA6AB6-F800-4c08-8B7A-83BB121AAD01}</UniqueIdentifier>
      <Extensions>rc;ico;cur;bmp;dlg;rc2;rct;bin;rgs;gif;jpg;jpeg;jpe;resx;tiff;tif;png;wav;mfcribbon-ms</Extensions>
    </Filter>
    <Filter Include="Header Files\DefaultHeader">
      <UniqueIdentifier>{f47d3006-dab9-45cd-aa8a-fb2aed1e6741}</UniqueIdentifier>
    </Filter>
    <Filter Include="Source Files\00. Manager">
      <UniqueIdentifier>{3ef8df75-8d2a-4dda-abbf-ba5be75a72cf}</UniqueIdentifier>
    </Filter>
    <Filter Include="Source Files\01. Object">
      <UniqueIdentifier>{3a31d2de-e151-49ae-b75d-b6a9f456fc3d}</UniqueIdentifier>
    </Filter>
    <Filter Include="Source Files\00. Manager\00. Core">
      <UniqueIdentifier>{a1f82bdb-521b-447f-8862-19f767880d27}</UniqueIdentifier>
    </Filter>
    <Filter Include="Source Files\00. Manager\01. TimeMgr">
      <UniqueIdentifier>{07a2714c-71aa-4089-a811-1464294a3d12}</UniqueIdentifier>
    </Filter>
    <Filter Include="Source Files\00. Manager\02. KeyMgr">
      <UniqueIdentifier>{27a10d3a-5f81-4b37-96f5-779a18b5a540}</UniqueIdentifier>
    </Filter>
    <Filter Include="Source Files\00. Manager\03. SceneMgr">
      <UniqueIdentifier>{3d52a946-b1ce-4e80-a5ef-ae1725021aa5}</UniqueIdentifier>
    </Filter>
    <Filter Include="Source Files\00. Manager\04. CollisionMgr">
      <UniqueIdentifier>{cf4c0bcd-ea3b-45fe-a25c-97bf81507718}</UniqueIdentifier>
    </Filter>
    <Filter Include="Source Files\00. Manager\05. Camera">
      <UniqueIdentifier>{866c890f-ec26-4a54-b214-ee09fde801c3}</UniqueIdentifier>
    </Filter>
    <Filter Include="Source Files\00. Manager\06. ResMgr">
      <UniqueIdentifier>{70d1ba0b-9b99-4a24-9bb1-d5ba7f734e2e}</UniqueIdentifier>
    </Filter>
    <Filter Include="Source Files\00. Manager\07.PathMgr">
      <UniqueIdentifier>{d397e603-31ac-443c-8ba9-06f739f5a060}</UniqueIdentifier>
    </Filter>
    <Filter Include="Source Files\00. Manager\03. SceneMgr\Scene">
      <UniqueIdentifier>{ffbb82f4-3fba-4fcb-b589-6f028c7d2ee4}</UniqueIdentifier>
    </Filter>
    <Filter Include="Source Files\00. Manager\03. SceneMgr\Scene\00. Logo">
      <UniqueIdentifier>{9ab49d59-5d88-4ad3-a3b0-40e352263820}</UniqueIdentifier>
    </Filter>
    <Filter Include="Source Files\00. Manager\03. SceneMgr\Scene\01. Ready">
      <UniqueIdentifier>{84849fb5-fc8f-4b44-9880-0c2b8577773d}</UniqueIdentifier>
    </Filter>
    <Filter Include="Source Files\00. Manager\03. SceneMgr\Scene\02. Game">
      <UniqueIdentifier>{9e96b340-83de-4bd7-9c6e-fb1d9ab73986}</UniqueIdentifier>
    </Filter>
    <Filter Include="Source Files\00. Manager\06. ResMgr\00. Texture">
      <UniqueIdentifier>{72155179-36e5-4d97-ba1d-73bcb7be4312}</UniqueIdentifier>
    </Filter>
    <Filter Include="Source Files\00. Manager\06. ResMgr\01. Sound">
      <UniqueIdentifier>{353932c8-b838-444d-b5be-42f303ca48ce}</UniqueIdentifier>
    </Filter>
    <Filter Include="Source Files\00. Manager\04. CollisionMgr\Collider">
      <UniqueIdentifier>{87c67ddf-740f-40a5-8f56-27503dbf3807}</UniqueIdentifier>
    </Filter>
    <Filter Include="Source Files\01. Object\00. Tile">
      <UniqueIdentifier>{88d2894e-b2aa-4c4d-87f2-65224113d7e8}</UniqueIdentifier>
    </Filter>
    <Filter Include="Source Files\01. Object\01. Player">
      <UniqueIdentifier>{5fea3ea6-6476-43be-9466-c6abec6f6aa2}</UniqueIdentifier>
    </Filter>
    <Filter Include="Source Files\01. Object\02. Bullet">
      <UniqueIdentifier>{adf2cd4e-a41b-4057-a9f1-e2993433352f}</UniqueIdentifier>
    </Filter>
    <Filter Include="Source Files\01. Object\02. Bullet\GuideBullet">
      <UniqueIdentifier>{8356da02-1c5c-4c10-b576-95c8e9f0ee7a}</UniqueIdentifier>
    </Filter>
    <Filter Include="Source Files\01. Object\03. Monster">
      <UniqueIdentifier>{8ce99b88-8a08-48d4-ae34-22e7189e1f4b}</UniqueIdentifier>
    </Filter>
    <Filter Include="Source Files\02. Animator">
      <UniqueIdentifier>{def97307-624f-4a55-aa7b-36226dd8bfa6}</UniqueIdentifier>
    </Filter>
    <Filter Include="Source Files\02. Animator\Animation">
      <UniqueIdentifier>{d4f873e7-4f5d-4bbb-93fb-bae4544a63fe}</UniqueIdentifier>
    </Filter>
    <Filter Include="Source Files\00. Manager\08. UIMgr">
      <UniqueIdentifier>{44d32cc2-85c5-4a84-9028-dd4273a29cb8}</UniqueIdentifier>
    </Filter>
    <Filter Include="Source Files\01. Object\04. UI">
      <UniqueIdentifier>{ce26718f-eb2a-4501-bd72-351857be58ec}</UniqueIdentifier>
    </Filter>
    <Filter Include="Source Files\01. Object\04. UI\01. UIButton">
      <UniqueIdentifier>{a14769ce-6e7f-461f-9fb5-227d29661e62}</UniqueIdentifier>
    </Filter>
    <Filter Include="Source Files\01. Object\04. UI\00. UIPanel">
      <UniqueIdentifier>{3a92998b-cb3b-40b6-b79d-174e0637e16e}</UniqueIdentifier>
    </Filter>
    <Filter Include="Source Files\Delegate">
      <UniqueIdentifier>{32bd9091-b5d6-4b73-8e4d-5af7edaa129d}</UniqueIdentifier>
    </Filter>
  </ItemGroup>
  <ItemGroup>
    <Text Include="ReadMe.txt" />
  </ItemGroup>
  <ItemGroup>
    <ClInclude Include="Resource.h">
      <Filter>Header Files\DefaultHeader</Filter>
    </ClInclude>
    <ClInclude Include="SoMac.h">
      <Filter>Header Files\DefaultHeader</Filter>
    </ClInclude>
    <ClInclude Include="stdafx.h">
      <Filter>Header Files\DefaultHeader</Filter>
    </ClInclude>
    <ClInclude Include="targetver.h">
      <Filter>Header Files\DefaultHeader</Filter>
    </ClInclude>
    <ClInclude Include="define.h">
      <Filter>Header Files</Filter>
    </ClInclude>
    <ClInclude Include="global.h">
      <Filter>Header Files</Filter>
    </ClInclude>
    <ClInclude Include="struct.h">
      <Filter>Header Files</Filter>
    </ClInclude>
    <ClInclude Include="Core.h">
      <Filter>Source Files\00. Manager\00. Core</Filter>
    </ClInclude>
    <ClInclude Include="SceneMgr.h">
      <Filter>Source Files\00. Manager\03. SceneMgr</Filter>
    </ClInclude>
    <ClInclude Include="Scene.h">
      <Filter>Source Files\00. Manager\03. SceneMgr\Scene</Filter>
    </ClInclude>
    <ClInclude Include="Obj.h">
      <Filter>Source Files\01. Object</Filter>
    </ClInclude>
    <ClInclude Include="TimeMgr.h">
      <Filter>Source Files\00. Manager\01. TimeMgr</Filter>
    </ClInclude>
    <ClInclude Include="KeyMgr.h">
      <Filter>Source Files\00. Manager\02. KeyMgr</Filter>
    </ClInclude>
    <ClInclude Include="ResMgr.h">
      <Filter>Source Files\00. Manager\06. ResMgr</Filter>
    </ClInclude>
    <ClInclude Include="PathMgr.h">
      <Filter>Source Files\00. Manager\07.PathMgr</Filter>
    </ClInclude>
    <ClInclude Include="Texture.h">
      <Filter>Source Files\00. Manager\06. ResMgr\00. Texture</Filter>
    </ClInclude>
    <ClInclude Include="CollisionMgr.h">
      <Filter>Source Files\00. Manager\04. CollisionMgr</Filter>
    </ClInclude>
    <ClInclude Include="Collider.h">
      <Filter>Source Files\00. Manager\04. CollisionMgr\Collider</Filter>
    </ClInclude>
    <ClInclude Include="Camera.h">
      <Filter>Source Files\00. Manager\05. Camera</Filter>
    </ClInclude>
    <ClInclude Include="SceneLogo.h">
      <Filter>Source Files\00. Manager\03. SceneMgr\Scene\00. Logo</Filter>
    </ClInclude>
    <ClInclude Include="SceneReady.h">
      <Filter>Source Files\00. Manager\03. SceneMgr\Scene\01. Ready</Filter>
    </ClInclude>
    <ClInclude Include="SceneGame.h">
      <Filter>Source Files\00. Manager\03. SceneMgr\Scene\02. Game</Filter>
    </ClInclude>
    <ClInclude Include="Player.h">
      <Filter>Source Files\01. Object\01. Player</Filter>
    </ClInclude>
    <ClInclude Include="Bullet.h">
      <Filter>Source Files\01. Object\02. Bullet</Filter>
    </ClInclude>
    <ClInclude Include="Tile.h">
      <Filter>Source Files\01. Object\00. Tile</Filter>
    </ClInclude>
    <ClInclude Include="GuideBullet.h">
      <Filter>Source Files\01. Object\02. Bullet\GuideBullet</Filter>
    </ClInclude>
    <ClInclude Include="Monster.h">
      <Filter>Source Files\01. Object\03. Monster</Filter>
    </ClInclude>
    <ClInclude Include="Animator.h">
      <Filter>Source Files\02. Animator</Filter>
    </ClInclude>
    <ClInclude Include="Animation.h">
      <Filter>Source Files\02. Animator\Animation</Filter>
    </ClInclude>
    <ClInclude Include="UIMgr.h">
      <Filter>Source Files\00. Manager\08. UIMgr</Filter>
    </ClInclude>
    <ClInclude Include="UI.h">
      <Filter>Source Files\01. Object\04. UI</Filter>
    </ClInclude>
    <ClInclude Include="UIButton.h">
      <Filter>Source Files\01. Object\04. UI\01. UIButton</Filter>
    </ClInclude>
    <ClInclude Include="UIPanel.h">
      <Filter>Source Files\01. Object\04. UI\00. UIPanel</Filter>
    </ClInclude>
    <ClInclude Include="Deleagate.h">
      <Filter>Source Files\Delegate</Filter>
    </ClInclude>
  </ItemGroup>
  <ItemGroup>
    <ClCompile Include="stdafx.cpp">
      <Filter>Source Files</Filter>
    </ClCompile>
    <ClCompile Include="main.cpp">
      <Filter>Source Files</Filter>
    </ClCompile>
    <ClCompile Include="Core.cpp">
      <Filter>Source Files\00. Manager\00. Core</Filter>
    </ClCompile>
    <ClCompile Include="SceneMgr.cpp">
      <Filter>Source Files\00. Manager\03. SceneMgr</Filter>
    </ClCompile>
    <ClCompile Include="Scene.cpp">
      <Filter>Source Files\00. Manager\03. SceneMgr\Scene</Filter>
    </ClCompile>
    <ClCompile Include="Obj.cpp">
      <Filter>Source Files\01. Object</Filter>
    </ClCompile>
    <ClCompile Include="TimeMgr.cpp">
      <Filter>Source Files\00. Manager\01. TimeMgr</Filter>
    </ClCompile>
    <ClCompile Include="KeyMgr.cpp">
      <Filter>Source Files\00. Manager\02. KeyMgr</Filter>
    </ClCompile>
    <ClCompile Include="ResMgr.cpp">
      <Filter>Source Files\00. Manager\06. ResMgr</Filter>
    </ClCompile>
    <ClCompile Include="PathMgr.cpp">
      <Filter>Source Files\00. Manager\07.PathMgr</Filter>
    </ClCompile>
    <ClCompile Include="Texture.cpp">
      <Filter>Source Files\00. Manager\06. ResMgr\00. Texture</Filter>
    </ClCompile>
    <ClCompile Include="CollisionMgr.cpp">
      <Filter>Source Files\00. Manager\04. CollisionMgr</Filter>
    </ClCompile>
    <ClCompile Include="Collider.cpp">
      <Filter>Source Files\00. Manager\04. CollisionMgr\Collider</Filter>
    </ClCompile>
    <ClCompile Include="Camera.cpp">
      <Filter>Source Files\00. Manager\05. Camera</Filter>
    </ClCompile>
    <ClCompile Include="SceneLogo.cpp">
      <Filter>Source Files\00. Manager\03. SceneMgr\Scene\00. Logo</Filter>
    </ClCompile>
    <ClCompile Include="SceneReady.cpp">
      <Filter>Source Files\00. Manager\03. SceneMgr\Scene\01. Ready</Filter>
    </ClCompile>
    <ClCompile Include="SceneGame.cpp">
      <Filter>Source Files\00. Manager\03. SceneMgr\Scene\02. Game</Filter>
    </ClCompile>
    <ClCompile Include="Player.cpp">
      <Filter>Source Files\01. Object\01. Player</Filter>
    </ClCompile>
    <ClCompile Include="Bullet.cpp">
      <Filter>Source Files\01. Object\02. Bullet</Filter>
    </ClCompile>
    <ClCompile Include="Tile.cpp">
      <Filter>Source Files\01. Object\00. Tile</Filter>
    </ClCompile>
    <ClCompile Include="GuideBullet.cpp">
      <Filter>Source Files\01. Object\02. Bullet\GuideBullet</Filter>
    </ClCompile>
    <ClCompile Include="Monster.cpp">
      <Filter>Source Files\01. Object\03. Monster</Filter>
    </ClCompile>
    <ClCompile Include="Animator.cpp">
      <Filter>Source Files\02. Animator</Filter>
    </ClCompile>
    <ClCompile Include="Animation.cpp">
      <Filter>Source Files\02. Animator\Animation</Filter>
    </ClCompile>
    <ClCompile Include="UIMgr.cpp">
      <Filter>Source Files\00. Manager\08. UIMgr</Filter>
    </ClCompile>
    <ClCompile Include="UI.cpp">
      <Filter>Source Files\01. Object\04. UI</Filter>
    </ClCompile>
    <ClCompile Include="UIButton.cpp">
      <Filter>Source Files\01. Object\04. UI\01. UIButton</Filter>
    </ClCompile>
    <ClCompile Include="UIPanel.cpp">
      <Filter>Source Files\01. Object\04. UI\00. UIPanel</Filter>
    </ClCompile>
    <ClCompile Include="Deleagate.cpp">
      <Filter>Source Files\Delegate</Filter>
    </ClCompile>
  </ItemGroup>
  <ItemGroup>
    <ResourceCompile Include="SoMac.rc">
      <Filter>Resource Files</Filter>
    </ResourceCompile>
  </ItemGroup>
  <ItemGroup>
    <Image Include="small.ico">
      <Filter>Resource Files</Filter>
    </Image>
    <Image Include="SoMac.ico">
      <Filter>Resource Files</Filter>
    </Image>
  </ItemGroup>
</Project>